
Microsoft Visual Studio Solution File, Format Version 12.00
# Visual Studio Version 17
VisualStudioVersion = 17.11.35303.130
MinimumVisualStudioVersion = 10.0.40219.1
Project("{FAE04EC0-301F-11D3-BF4B-00C04F79EFBC}") = "Disaheim", "Disaheim\Disaheim.csproj", "{D791C9DC-2250-479E-842C-03D3273585CF}"
EndProject
Project("{FAE04EC0-301F-11D3-BF4B-00C04F79EFBC}") = "DisaheimTest", "DisaheimTest\DisaheimTest.csproj", "{408371B4-EF5E-436C-B515-0CDE273CFC04}"
EndProject
Global
	GlobalSection(SolutionConfigurationPlatforms) = preSolution
		Debug|Any CPU = Debug|Any CPU
		Release|Any CPU = Release|Any CPU
	EndGlobalSection
	GlobalSection(ProjectConfigurationPlatforms) = postSolution
		{D791C9DC-2250-479E-842C-03D3273585CF}.Debug|Any CPU.ActiveCfg = Debug|Any CPU
		{D791C9DC-2250-479E-842C-03D3273585CF}.Debug|Any CPU.Build.0 = Debug|Any CPU
		{D791C9DC-2250-479E-842C-03D3273585CF}.Release|Any CPU.ActiveCfg = Release|Any CPU
		{D791C9DC-2250-479E-842C-03D3273585CF}.Release|Any CPU.Build.0 = Release|Any CPU
		{408371B4-EF5E-436C-B515-0CDE273CFC04}.Debug|Any CPU.ActiveCfg = Debug|Any CPU
		{408371B4-EF5E-436C-B515-0CDE273CFC04}.Debug|Any CPU.Build.0 = Debug|Any CPU
		{408371B4-EF5E-436C-B515-0CDE273CFC04}.Release|Any CPU.ActiveCfg = Release|Any CPU
		{408371B4-EF5E-436C-B515-0CDE273CFC04}.Release|Any CPU.Build.0 = Release|Any CPU
	EndGlobalSection
	GlobalSection(SolutionProperties) = preSolution
		HideSolutionNode = FALSE
	EndGlobalSection
	GlobalSection(ExtensibilityGlobals) = postSolution
		SolutionGuid = {D60FC0A3-E385-48B6-950F-A2CAABBFFBEB}
	EndGlobalSection
EndGlobal
